
Microsoft Visual Studio Solution File, Format Version 12.00
# Visual Studio Version 16
VisualStudioVersion = 16.0.30907.101
MinimumVisualStudioVersion = 10.0.40219.1
Project("{9A19103F-16F7-4668-BE54-9A1E7A4F7556}") = "CleanArc.API", "CleanArc.API\CleanArc.API.csproj", "{C124E548-82E1-4E22-8AB4-BAB58A9E0752}"
EndProject
Project("{9A19103F-16F7-4668-BE54-9A1E7A4F7556}") = "CleanArc.Domain", "CleanArc.Domain\CleanArc.Domain.csproj", "{56EF3CAC-2EC8-4283-BF82-673336355348}"
EndProject
Project("{9A19103F-16F7-4668-BE54-9A1E7A4F7556}") = "CleanArch.Infrastructure", "CleanArch.Infrastructure\CleanArch.Infrastructure.csproj", "{250AAB51-4EF5-421D-A76E-AE0DDD166EF3}"
EndProject
Project("{9A19103F-16F7-4668-BE54-9A1E7A4F7556}") = "CleanArc.Application", "CleanArc.Application\CleanArc.Application.csproj", "{86FBAFCD-3C23-4924-824F-2A0091396E94}"
EndProject
Project("{2150E333-8FDC-42A3-9474-1A3956D46DE8}") = "Testing", "Testing", "{FCC2C542-3FDC-4654-AA68-9505DCFFF552}"
EndProject
Project("{9A19103F-16F7-4668-BE54-9A1E7A4F7556}") = "CleanArc.Testing", "CleanArc.Testing\CleanArc.Testing.csproj", "{ECE5235A-0B2F-46CE-A22C-5336699A3160}"
EndProject
Project("{E53339B2-1760-4266-BCC7-CA923CBCF16C}") = "docker-compose", "docker-compose.dcproj", "{7727659B-7721-447D-89B0-1DFBFE808287}"
EndProject
Project("{2150E333-8FDC-42A3-9474-1A3956D46DE8}") = "Service", "Service", "{C761FDDB-1004-4001-A1C3-7D5EF7FEBC63}"
EndProject
Global
	GlobalSection(SolutionConfigurationPlatforms) = preSolution
		Debug|Any CPU = Debug|Any CPU
		Release|Any CPU = Release|Any CPU
	EndGlobalSection
	GlobalSection(ProjectConfigurationPlatforms) = postSolution
		{C124E548-82E1-4E22-8AB4-BAB58A9E0752}.Debug|Any CPU.ActiveCfg = Debug|Any CPU
		{C124E548-82E1-4E22-8AB4-BAB58A9E0752}.Debug|Any CPU.Build.0 = Debug|Any CPU
		{C124E548-82E1-4E22-8AB4-BAB58A9E0752}.Release|Any CPU.ActiveCfg = Release|Any CPU
		{C124E548-82E1-4E22-8AB4-BAB58A9E0752}.Release|Any CPU.Build.0 = Release|Any CPU
		{56EF3CAC-2EC8-4283-BF82-673336355348}.Debug|Any CPU.ActiveCfg = Debug|Any CPU
		{56EF3CAC-2EC8-4283-BF82-673336355348}.Debug|Any CPU.Build.0 = Debug|Any CPU
		{56EF3CAC-2EC8-4283-BF82-673336355348}.Release|Any CPU.ActiveCfg = Release|Any CPU
		{56EF3CAC-2EC8-4283-BF82-673336355348}.Release|Any CPU.Build.0 = Release|Any CPU
		{250AAB51-4EF5-421D-A76E-AE0DDD166EF3}.Debug|Any CPU.ActiveCfg = Debug|Any CPU
		{250AAB51-4EF5-421D-A76E-AE0DDD166EF3}.Debug|Any CPU.Build.0 = Debug|Any CPU
		{250AAB51-4EF5-421D-A76E-AE0DDD166EF3}.Release|Any CPU.ActiveCfg = Release|Any CPU
		{250AAB51-4EF5-421D-A76E-AE0DDD166EF3}.Release|Any CPU.Build.0 = Release|Any CPU
		{86FBAFCD-3C23-4924-824F-2A0091396E94}.Debug|Any CPU.ActiveCfg = Debug|Any CPU
		{86FBAFCD-3C23-4924-824F-2A0091396E94}.Debug|Any CPU.Build.0 = Debug|Any CPU
		{86FBAFCD-3C23-4924-824F-2A0091396E94}.Release|Any CPU.ActiveCfg = Release|Any CPU
		{86FBAFCD-3C23-4924-824F-2A0091396E94}.Release|Any CPU.Build.0 = Release|Any CPU
		{ECE5235A-0B2F-46CE-A22C-5336699A3160}.Debug|Any CPU.ActiveCfg = Debug|Any CPU
		{ECE5235A-0B2F-46CE-A22C-5336699A3160}.Debug|Any CPU.Build.0 = Debug|Any CPU
		{ECE5235A-0B2F-46CE-A22C-5336699A3160}.Release|Any CPU.ActiveCfg = Release|Any CPU
		{ECE5235A-0B2F-46CE-A22C-5336699A3160}.Release|Any CPU.Build.0 = Release|Any CPU
		{7727659B-7721-447D-89B0-1DFBFE808287}.Debug|Any CPU.ActiveCfg = Debug|Any CPU
		{7727659B-7721-447D-89B0-1DFBFE808287}.Debug|Any CPU.Build.0 = Debug|Any CPU
		{7727659B-7721-447D-89B0-1DFBFE808287}.Release|Any CPU.ActiveCfg = Release|Any CPU
		{7727659B-7721-447D-89B0-1DFBFE808287}.Release|Any CPU.Build.0 = Release|Any CPU
	EndGlobalSection
	GlobalSection(SolutionProperties) = preSolution
		HideSolutionNode = FALSE
	EndGlobalSection
	GlobalSection(NestedProjects) = preSolution
		{56EF3CAC-2EC8-4283-BF82-673336355348} = {C761FDDB-1004-4001-A1C3-7D5EF7FEBC63}
		{250AAB51-4EF5-421D-A76E-AE0DDD166EF3} = {C761FDDB-1004-4001-A1C3-7D5EF7FEBC63}
		{86FBAFCD-3C23-4924-824F-2A0091396E94} = {C761FDDB-1004-4001-A1C3-7D5EF7FEBC63}
		{ECE5235A-0B2F-46CE-A22C-5336699A3160} = {FCC2C542-3FDC-4654-AA68-9505DCFFF552}
	EndGlobalSection
	GlobalSection(ExtensibilityGlobals) = postSolution
		SolutionGuid = {4089212F-40A8-40CC-897C-B217264648D2}
	EndGlobalSection
EndGlobal
